
Microsoft Visual Studio Solution File, Format Version 12.00
# Visual Studio Version 17
VisualStudioVersion = 17.13.35806.99 d17.13
MinimumVisualStudioVersion = 10.0.40219.1
Project("{FAE04EC0-301F-11D3-BF4B-00C04F79EFBC}") = "Test Proect Blazor.Server", "Test Proect Blazor\Server\Test Proect Blazor.Server.csproj", "{E23110C5-0338-4BA0-8436-0CA3A552C601}"
EndProject
Project("{FAE04EC0-301F-11D3-BF4B-00C04F79EFBC}") = "Test Proect Blazor.Client", "Test Proect Blazor\Client\Test Proect Blazor.Client.csproj", "{3E0D399C-740A-4958-9834-10754400A281}"
EndProject
Project("{FAE04EC0-301F-11D3-BF4B-00C04F79EFBC}") = "Test Proect Blazor.Shared", "Test Proect Blazor\Shared\Test Proect Blazor.Shared.csproj", "{AC1127D4-2CAC-4DD5-8413-B87F6D35DB80}"
EndProject
Global
	GlobalSection(SolutionConfigurationPlatforms) = preSolution
		Debug|Any CPU = Debug|Any CPU
		Release|Any CPU = Release|Any CPU
	EndGlobalSection
	GlobalSection(ProjectConfigurationPlatforms) = postSolution
		{E23110C5-0338-4BA0-8436-0CA3A552C601}.Debug|Any CPU.ActiveCfg = Debug|Any CPU
		{E23110C5-0338-4BA0-8436-0CA3A552C601}.Debug|Any CPU.Build.0 = Debug|Any CPU
		{E23110C5-0338-4BA0-8436-0CA3A552C601}.Release|Any CPU.ActiveCfg = Release|Any CPU
		{E23110C5-0338-4BA0-8436-0CA3A552C601}.Release|Any CPU.Build.0 = Release|Any CPU
		{3E0D399C-740A-4958-9834-10754400A281}.Debug|Any CPU.ActiveCfg = Debug|Any CPU
		{3E0D399C-740A-4958-9834-10754400A281}.Debug|Any CPU.Build.0 = Debug|Any CPU
		{3E0D399C-740A-4958-9834-10754400A281}.Release|Any CPU.ActiveCfg = Release|Any CPU
		{3E0D399C-740A-4958-9834-10754400A281}.Release|Any CPU.Build.0 = Release|Any CPU
		{AC1127D4-2CAC-4DD5-8413-B87F6D35DB80}.Debug|Any CPU.ActiveCfg = Debug|Any CPU
		{AC1127D4-2CAC-4DD5-8413-B87F6D35DB80}.Debug|Any CPU.Build.0 = Debug|Any CPU
		{AC1127D4-2CAC-4DD5-8413-B87F6D35DB80}.Release|Any CPU.ActiveCfg = Release|Any CPU
		{AC1127D4-2CAC-4DD5-8413-B87F6D35DB80}.Release|Any CPU.Build.0 = Release|Any CPU
	EndGlobalSection
	GlobalSection(SolutionProperties) = preSolution
		HideSolutionNode = FALSE
	EndGlobalSection
	GlobalSection(ExtensibilityGlobals) = postSolution
		SolutionGuid = {B9D6E2AE-B770-4A2E-930D-609934C331F8}
	EndGlobalSection
EndGlobal
